
Microsoft Visual Studio Solution File, Format Version 12.00
# Visual Studio Version 17
VisualStudioVersion = 17.10.34928.147
MinimumVisualStudioVersion = 10.0.40219.1
Project("{FAE04EC0-301F-11D3-BF4B-00C04F79EFBC}") = "CRM.HealthCheck.Application", "CRM.HealthCheck.Application\CRM.HealthCheck.Application.csproj", "{30BCB346-C04E-41A0-8549-A63744D7A491}"
EndProject
Project("{FAE04EC0-301F-11D3-BF4B-00C04F79EFBC}") = "CRM.HealthCheck.Core", "CRM.HealthCheck.Core\CRM.HealthCheck.Core.csproj", "{8A77070D-BA11-494C-AEA3-6D85C9B81B68}"
EndProject
Project("{FAE04EC0-301F-11D3-BF4B-00C04F79EFBC}") = "CRM.HealthCheck.DataAccess", "CRM.HealthCheck.DataAccess\CRM.HealthCheck.DataAccess.csproj", "{0DC554E1-6802-4D68-8E9C-7086426FACC6}"
EndProject
Project("{FAE04EC0-301F-11D3-BF4B-00C04F79EFBC}") = "CRM.HealthCheck.BusinessLogic", "CRM.HealthCheck.BusinessLogic\CRM.HealthCheck.BusinessLogic.csproj", "{E479CD26-E210-4BE1-BF4E-DC563C242647}"
EndProject
Global
	GlobalSection(SolutionConfigurationPlatforms) = preSolution
		Debug|Any CPU = Debug|Any CPU
		Release|Any CPU = Release|Any CPU
	EndGlobalSection
	GlobalSection(ProjectConfigurationPlatforms) = postSolution
		{30BCB346-C04E-41A0-8549-A63744D7A491}.Debug|Any CPU.ActiveCfg = Debug|Any CPU
		{30BCB346-C04E-41A0-8549-A63744D7A491}.Debug|Any CPU.Build.0 = Debug|Any CPU
		{30BCB346-C04E-41A0-8549-A63744D7A491}.Release|Any CPU.ActiveCfg = Release|Any CPU
		{30BCB346-C04E-41A0-8549-A63744D7A491}.Release|Any CPU.Build.0 = Release|Any CPU
		{8A77070D-BA11-494C-AEA3-6D85C9B81B68}.Debug|Any CPU.ActiveCfg = Debug|Any CPU
		{8A77070D-BA11-494C-AEA3-6D85C9B81B68}.Debug|Any CPU.Build.0 = Debug|Any CPU
		{8A77070D-BA11-494C-AEA3-6D85C9B81B68}.Release|Any CPU.ActiveCfg = Release|Any CPU
		{8A77070D-BA11-494C-AEA3-6D85C9B81B68}.Release|Any CPU.Build.0 = Release|Any CPU
		{0DC554E1-6802-4D68-8E9C-7086426FACC6}.Debug|Any CPU.ActiveCfg = Debug|Any CPU
		{0DC554E1-6802-4D68-8E9C-7086426FACC6}.Debug|Any CPU.Build.0 = Debug|Any CPU
		{0DC554E1-6802-4D68-8E9C-7086426FACC6}.Release|Any CPU.ActiveCfg = Release|Any CPU
		{0DC554E1-6802-4D68-8E9C-7086426FACC6}.Release|Any CPU.Build.0 = Release|Any CPU
		{E479CD26-E210-4BE1-BF4E-DC563C242647}.Debug|Any CPU.ActiveCfg = Debug|Any CPU
		{E479CD26-E210-4BE1-BF4E-DC563C242647}.Debug|Any CPU.Build.0 = Debug|Any CPU
		{E479CD26-E210-4BE1-BF4E-DC563C242647}.Release|Any CPU.ActiveCfg = Release|Any CPU
		{E479CD26-E210-4BE1-BF4E-DC563C242647}.Release|Any CPU.Build.0 = Release|Any CPU
	EndGlobalSection
	GlobalSection(SolutionProperties) = preSolution
		HideSolutionNode = FALSE
	EndGlobalSection
	GlobalSection(ExtensibilityGlobals) = postSolution
		SolutionGuid = {C80762BE-2F5F-4D3D-A023-4F6C8A507D61}
	EndGlobalSection
EndGlobal
